
Microsoft Visual Studio Solution File, Format Version 12.00
# Visual Studio Version 17
VisualStudioVersion = 17.0.32014.148
MinimumVisualStudioVersion = 10.0.40219.1
Project("{FAE04EC0-301F-11D3-BF4B-00C04F79EFBC}") = "DapperApp", "DapperApp\DapperApp.csproj", "{F5F387C5-A4FD-43E8-BD14-D541DFFF3DDE}"
EndProject
Global
	GlobalSection(SolutionConfigurationPlatforms) = preSolution
		Debug|Any CPU = Debug|Any CPU
		Release|Any CPU = Release|Any CPU
	EndGlobalSection
	GlobalSection(ProjectConfigurationPlatforms) = postSolution
		{F5F387C5-A4FD-43E8-BD14-D541DFFF3DDE}.Debug|Any CPU.ActiveCfg = Debug|Any CPU
		{F5F387C5-A4FD-43E8-BD14-D541DFFF3DDE}.Debug|Any CPU.Build.0 = Debug|Any CPU
		{F5F387C5-A4FD-43E8-BD14-D541DFFF3DDE}.Release|Any CPU.ActiveCfg = Release|Any CPU
		{F5F387C5-A4FD-43E8-BD14-D541DFFF3DDE}.Release|Any CPU.Build.0 = Release|Any CPU
	EndGlobalSection
	GlobalSection(SolutionProperties) = preSolution
		HideSolutionNode = FALSE
	EndGlobalSection
	GlobalSection(ExtensibilityGlobals) = postSolution
		SolutionGuid = {6909A916-4BAC-430C-9D22-CDFA41F7037A}
	EndGlobalSection
EndGlobal
