
Microsoft Visual Studio Solution File, Format Version 12.00
# Visual Studio Version 16
VisualStudioVersion = 16.0.30517.126
MinimumVisualStudioVersion = 10.0.40219.1
Project("{9A19103F-16F7-4668-BE54-9A1E7A4F7556}") = "Auth.Cookie", "Auth.Cookie\Auth.Cookie.csproj", "{E6BADD72-7B8F-4315-B269-8061F78A441B}"
EndProject
Project("{9A19103F-16F7-4668-BE54-9A1E7A4F7556}") = "Auth.JWT", "AuthJWT\Auth.JWT.csproj", "{F8EDCDBE-64BD-4CC0-8E98-16426655A390}"
EndProject
Project("{9A19103F-16F7-4668-BE54-9A1E7A4F7556}") = "Auth.Database", "Auth.Database\Auth.Database.csproj", "{9ABD8BC6-2CEF-4AFE-BCC8-F645D281CAA1}"
EndProject
Project("{9A19103F-16F7-4668-BE54-9A1E7A4F7556}") = "Auth.Identity", "Auth.Identity\Auth.Identity.csproj", "{9FFFC980-84E8-4D2D-855B-D72C01021C9B}"
EndProject
Project("{FAE04EC0-301F-11D3-BF4B-00C04F79EFBC}") = "Auth.CustomIdentity", "Auth.CustomIdentity\Auth.CustomIdentity.csproj", "{E961BC6D-458E-4E22-AA78-443B8E99163F}"
EndProject
Global
	GlobalSection(SolutionConfigurationPlatforms) = preSolution
		Debug|Any CPU = Debug|Any CPU
		Release|Any CPU = Release|Any CPU
	EndGlobalSection
	GlobalSection(ProjectConfigurationPlatforms) = postSolution
		{E6BADD72-7B8F-4315-B269-8061F78A441B}.Debug|Any CPU.ActiveCfg = Debug|Any CPU
		{E6BADD72-7B8F-4315-B269-8061F78A441B}.Debug|Any CPU.Build.0 = Debug|Any CPU
		{E6BADD72-7B8F-4315-B269-8061F78A441B}.Release|Any CPU.ActiveCfg = Release|Any CPU
		{E6BADD72-7B8F-4315-B269-8061F78A441B}.Release|Any CPU.Build.0 = Release|Any CPU
		{F8EDCDBE-64BD-4CC0-8E98-16426655A390}.Debug|Any CPU.ActiveCfg = Debug|Any CPU
		{F8EDCDBE-64BD-4CC0-8E98-16426655A390}.Debug|Any CPU.Build.0 = Debug|Any CPU
		{F8EDCDBE-64BD-4CC0-8E98-16426655A390}.Release|Any CPU.ActiveCfg = Release|Any CPU
		{F8EDCDBE-64BD-4CC0-8E98-16426655A390}.Release|Any CPU.Build.0 = Release|Any CPU
		{9ABD8BC6-2CEF-4AFE-BCC8-F645D281CAA1}.Debug|Any CPU.ActiveCfg = Debug|Any CPU
		{9ABD8BC6-2CEF-4AFE-BCC8-F645D281CAA1}.Debug|Any CPU.Build.0 = Debug|Any CPU
		{9ABD8BC6-2CEF-4AFE-BCC8-F645D281CAA1}.Release|Any CPU.ActiveCfg = Release|Any CPU
		{9ABD8BC6-2CEF-4AFE-BCC8-F645D281CAA1}.Release|Any CPU.Build.0 = Release|Any CPU
		{9FFFC980-84E8-4D2D-855B-D72C01021C9B}.Debug|Any CPU.ActiveCfg = Debug|Any CPU
		{9FFFC980-84E8-4D2D-855B-D72C01021C9B}.Debug|Any CPU.Build.0 = Debug|Any CPU
		{9FFFC980-84E8-4D2D-855B-D72C01021C9B}.Release|Any CPU.ActiveCfg = Release|Any CPU
		{9FFFC980-84E8-4D2D-855B-D72C01021C9B}.Release|Any CPU.Build.0 = Release|Any CPU
		{E961BC6D-458E-4E22-AA78-443B8E99163F}.Debug|Any CPU.ActiveCfg = Debug|Any CPU
		{E961BC6D-458E-4E22-AA78-443B8E99163F}.Debug|Any CPU.Build.0 = Debug|Any CPU
		{E961BC6D-458E-4E22-AA78-443B8E99163F}.Release|Any CPU.ActiveCfg = Release|Any CPU
		{E961BC6D-458E-4E22-AA78-443B8E99163F}.Release|Any CPU.Build.0 = Release|Any CPU
	EndGlobalSection
	GlobalSection(SolutionProperties) = preSolution
		HideSolutionNode = FALSE
	EndGlobalSection
	GlobalSection(ExtensibilityGlobals) = postSolution
		SolutionGuid = {EF3AB62D-33E1-4976-A092-C5C70F529943}
	EndGlobalSection
EndGlobal
